
Microsoft Visual Studio Solution File, Format Version 12.00
# Visual Studio Version 17
VisualStudioVersion = 17.7.34031.279
MinimumVisualStudioVersion = 10.0.40219.1
Project("{FAE04EC0-301F-11D3-BF4B-00C04F79EFBC}") = "BEShopDunk(Login)", "BEShopDunk(Login)\BEShopDunk(Login).csproj", "{1C856E44-45B0-440C-9A08-828E04335F91}"
EndProject
Global
	GlobalSection(SolutionConfigurationPlatforms) = preSolution
		Debug|Any CPU = Debug|Any CPU
		Release|Any CPU = Release|Any CPU
	EndGlobalSection
	GlobalSection(ProjectConfigurationPlatforms) = postSolution
		{1C856E44-45B0-440C-9A08-828E04335F91}.Debug|Any CPU.ActiveCfg = Debug|Any CPU
		{1C856E44-45B0-440C-9A08-828E04335F91}.Debug|Any CPU.Build.0 = Debug|Any CPU
		{1C856E44-45B0-440C-9A08-828E04335F91}.Release|Any CPU.ActiveCfg = Release|Any CPU
		{1C856E44-45B0-440C-9A08-828E04335F91}.Release|Any CPU.Build.0 = Release|Any CPU
	EndGlobalSection
	GlobalSection(SolutionProperties) = preSolution
		HideSolutionNode = FALSE
	EndGlobalSection
	GlobalSection(ExtensibilityGlobals) = postSolution
		SolutionGuid = {00958F82-4299-462E-9475-C5D7CA36F4C6}
	EndGlobalSection
EndGlobal
